{
    "_readme": [
        "This file locks the dependencies of your project to a known state",
        "Read more about it at https://getcomposer.org/doc/01-basic-usage.md#composer-lock-the-lock-file",
        "This file is @generated automatically"
    ],
    "hash": "3e3477469569e5a34752bb5eebe0400e",
    "content-hash": "3e9f6ec273a8c53d25b67b7c4a17a935",
    "packages": [],
    "packages-dev": [
        {
            "name": "papaya/cms-administration",
            "version": "dev-master",
            "source": {
                "type": "git",
                "url": "https://github.com/papayaCMS/papayacms-administration.git",
                "reference": "c7a8f902c7f9ae491a90071bfa1891b329b961e2"
            },
            "dist": {
                "type": "zip",
                "url": "https://api.github.com/repos/papayaCMS/papayacms-administration/zipball/c7a8f902c7f9ae491a90071bfa1891b329b961e2",
                "reference": "c7a8f902c7f9ae491a90071bfa1891b329b961e2",
                "shasum": ""
            },
            "require": {
                "papaya/composer-plugins": "1.*"
            },
            "type": "papaya-administration-ui",
            "notification-url": "https://packagist.org/downloads/",
            "time": "2015-10-27 13:12:28"
        },
        {
            "name": "papaya/composer-plugins",
            "version": "1.0.2",
            "source": {
                "type": "git",
                "url": "https://github.com/papayaCMS/papayacms-composer-plugins.git",
                "reference": "bc01c504dbdac62a67a912a19f1fec64470081fd"
            },
            "dist": {
                "type": "zip",
                "url": "https://api.github.com/repos/papayaCMS/papayacms-composer-plugins/zipball/bc01c504dbdac62a67a912a19f1fec64470081fd",
                "reference": "bc01c504dbdac62a67a912a19f1fec64470081fd",
                "shasum": ""
            },
            "require": {
                "composer-plugin-api": "^1.0"
            },
            "require-dev": {
                "composer/composer": "1.0.*@dev"
            },
            "type": "composer-plugin",
            "extra": {
                "class": "Papaya\\Composer\\InstallerPlugin"
            },
            "autoload": {
                "psr-0": {
                    "Papaya\\Composer": "src/"
                }
            },
            "notification-url": "https://packagist.org/downloads/",
            "description": "papaya CMS Composer Plugins",
            "time": "2016-04-11 14:33:58"
        },
        {
            "name": "papaya/module-default",
            "version": "dev-master",
            "source": {
                "type": "git",
                "url": "https://github.com/papayaCMS/papayacms-module-default.git",
                "reference": "cba7e83ea0cc100892e669546f0c3c6f6dd8962f"
            },
            "dist": {
                "type": "zip",
                "url": "https://api.github.com/repos/papayaCMS/papayacms-module-default/zipball/cba7e83ea0cc100892e669546f0c3c6f6dd8962f",
                "reference": "cba7e83ea0cc100892e669546f0c3c6f6dd8962f",
                "shasum": ""
            },
            "require": {
                "papaya/cms-core": "*"
            },
            "require-dev": {
                "papaya/cms-administration": "*",
                "papaya/test-framework": "*",
                "papaya/theme-dynamic": "*"
            },
            "type": "library",
            "extra": {
                "document-root": "htdocs/"
            },
            "notification-url": "https://packagist.org/downloads/",
            "license": [
                "GPL-2.0"
            ],
            "homepage": "http://www.papaya-cms.com/",
            "time": "2016-09-06 15:28:35"
        },
        {
            "name": "papaya/module-domains",
            "version": "dev-master",
            "source": {
                "type": "git",
                "url": "https://github.com/papayaCMS/papayacms-module-domains.git",
                "reference": "456671ff256bc21cea015b0672b665f30a58add1"
            },
            "dist": {
                "type": "zip",
                "url": "https://api.github.com/repos/papayaCMS/papayacms-module-domains/zipball/456671ff256bc21cea015b0672b665f30a58add1",
                "reference": "456671ff256bc21cea015b0672b665f30a58add1",
                "shasum": ""
            },
            "require": {
                "papaya/cms-core": "*"
            },
            "require-dev": {
                "papaya/cms-administration": "*",
                "papaya/test-framework": "*",
                "papaya/theme-dynamic": "*"
            },
            "type": "library",
            "extra": {
                "document-root": "htdocs/"
            },
            "notification-url": "https://packagist.org/downloads/",
            "license": [
                "GPL-2.0"
            ],
            "homepage": "http://www.papaya-cms.com/",
            "time": "2014-06-10 09:28:13"
        },
        {
            "name": "papaya/module-standard",
            "version": "dev-master",
            "source": {
                "type": "git",
                "url": "https://github.com/papayaCMS/papayacms-module-standard.git",
                "reference": "079baaf4606a2432764c94b3d7006cda0f5e3c53"
            },
            "dist": {
                "type": "zip",
                "url": "https://api.github.com/repos/papayaCMS/papayacms-module-standard/zipball/079baaf4606a2432764c94b3d7006cda0f5e3c53",
                "reference": "079baaf4606a2432764c94b3d7006cda0f5e3c53",
                "shasum": ""
            },
            "require": {
                "papaya/cms-core": "*"
            },
            "require-dev": {
                "papaya/cms-administration": "*",
                "papaya/test-framework": "*",
                "papaya/theme-dynamic": "*"
            },
            "type": "library",
            "extra": {
                "document-root": "htdocs/"
            },
            "notification-url": "https://packagist.org/downloads/",
            "license": [
                "GPL-2.0"
            ],
            "homepage": "http://www.papaya-cms.com/",
            "time": "2014-06-06 16:01:13"
        },
        {
            "name": "papaya/template-responsive",
            "version": "1.0.0",
            "source": {
                "type": "git",
                "url": "https://github.com/papayaCMS/papayacms-template-responsive.git",
                "reference": "cae2455f7ef6e1987e095257165a5b64e27daa17"
            },
            "dist": {
                "type": "zip",
                "url": "https://api.github.com/repos/papayaCMS/papayacms-template-responsive/zipball/cae2455f7ef6e1987e095257165a5b64e27daa17",
                "reference": "cae2455f7ef6e1987e095257165a5b64e27daa17",
                "shasum": ""
            },
            "require": {
                "papaya/composer-plugins": "1.*"
            },
            "type": "papaya-template",
            "notification-url": "https://packagist.org/downloads/",
            "time": "2014-06-02 14:34:48"
        },
        {
            "name": "papaya/test-framework",
            "version": "dev-master",
            "source": {
                "type": "git",
                "url": "https://github.com/papayaCMS/papayacms-test-framework.git",
                "reference": "6e1ce011bffa8b206818f8e8640a35fa6435c43d"
            },
            "dist": {
                "type": "zip",
                "url": "https://api.github.com/repos/papayaCMS/papayacms-test-framework/zipball/6e1ce011bffa8b206818f8e8640a35fa6435c43d",
                "reference": "6e1ce011bffa8b206818f8e8640a35fa6435c43d",
                "shasum": ""
            },
            "type": "library",
            "autoload": {
                "classmap": [
                    "./src/"
                ]
            },
            "notification-url": "https://packagist.org/downloads/",
            "license": [
                "GPL-2.0"
            ],
            "description": "papaya CMS unittest framework",
            "homepage": "http://www.papaya-cms.com/",
            "time": "2016-09-06 16:23:53"
        },
        {
            "name": "papaya/theme-dynamic",
            "version": "dev-master",
            "source": {
                "type": "git",
                "url": "https://github.com/papayaCMS/papayacms-theme-dynamic.git",
                "reference": "2e6556356e37031d7b32440555ff26cdf86e5705"
            },
            "dist": {
                "type": "zip",
                "url": "https://api.github.com/repos/papayaCMS/papayacms-theme-dynamic/zipball/2e6556356e37031d7b32440555ff26cdf86e5705",
                "reference": "2e6556356e37031d7b32440555ff26cdf86e5705",
                "shasum": ""
            },
            "require": {
                "papaya/composer-plugins": "1.*",
                "papaya/template-responsive": "1.*"
            },
            "type": "papaya-theme",
            "notification-url": "https://packagist.org/downloads/",
            "time": "2015-11-12 12:50:02"
        }
    ],
    "aliases": [],
    "minimum-stability": "dev",
    "stability-flags": [],
    "prefer-stable": false,
    "prefer-lowest": false,
    "platform": [],
    "platform-dev": {
        "php": ">=5.4.0",
        "ext-dom": "*",
        "ext-xsl": "*"
    }
}
