{
    "_readme": [
        "This file locks the dependencies of your project to a known state",
        "Read more about it at https://getcomposer.org/doc/01-basic-usage.md#composer-lock-the-lock-file",
        "This file is @generated automatically"
    ],
    "content-hash": "04575a61a9dc4025040beea6da010399",
    "packages": [],
    "packages-dev": [
        {
            "name": "papaya/cms-administration",
            "version": "dev-master",
            "source": {
                "type": "git",
                "url": "https://github.com/papayaCMS/papayacms-administration.git",
                "reference": "7fa353b697dbb6feee2a01edc4e65a6f9b7316d9"
            },
            "dist": {
                "type": "zip",
                "url": "https://api.github.com/repos/papayaCMS/papayacms-administration/zipball/7fa353b697dbb6feee2a01edc4e65a6f9b7316d9",
                "reference": "7fa353b697dbb6feee2a01edc4e65a6f9b7316d9",
                "shasum": ""
            },
            "require": {
                "papaya/composer-plugins": "^1.0@dev"
            },
            "type": "papaya-administration-ui",
            "notification-url": "https://packagist.org/downloads/",
            "time": "2018-07-13T12:18:36+00:00"
        },
        {
            "name": "papaya/composer-plugins",
            "version": "1.0.3",
            "source": {
                "type": "git",
                "url": "https://github.com/papayaCMS/papayacms-composer-plugins.git",
                "reference": "2ee29ad0d2b768afd1d75723945a11121fd836cd"
            },
            "dist": {
                "type": "zip",
                "url": "https://api.github.com/repos/papayaCMS/papayacms-composer-plugins/zipball/2ee29ad0d2b768afd1d75723945a11121fd836cd",
                "reference": "2ee29ad0d2b768afd1d75723945a11121fd836cd",
                "shasum": ""
            },
            "require": {
                "composer-plugin-api": "^1.0"
            },
            "require-dev": {
                "composer/composer": "1.0.*@dev"
            },
            "type": "composer-plugin",
            "extra": {
                "class": "Papaya\\Composer\\InstallerPlugin"
            },
            "autoload": {
                "psr-0": {
                    "Papaya\\Composer": "src/"
                }
            },
            "notification-url": "https://packagist.org/downloads/",
            "license": [
                "GPL-2.0"
            ],
            "description": "papaya CMS Composer Plugins",
            "time": "2018-04-18T13:14:33+00:00"
        },
        {
            "name": "papaya/module-default",
            "version": "1.1.1",
            "source": {
                "type": "git",
                "url": "https://github.com/papayaCMS/papayacms-module-default.git",
                "reference": "f2bbc434bcedcdc7745ad6a6c93f525a73d22785"
            },
            "dist": {
                "type": "zip",
                "url": "https://api.github.com/repos/papayaCMS/papayacms-module-default/zipball/f2bbc434bcedcdc7745ad6a6c93f525a73d22785",
                "reference": "f2bbc434bcedcdc7745ad6a6c93f525a73d22785",
                "shasum": ""
            },
            "require": {
                "papaya/cms-core": "*"
            },
            "require-dev": {
                "papaya/cms-administration": "*",
                "papaya/test-framework": "*",
                "papaya/theme-dynamic": "*"
            },
            "type": "library",
            "extra": {
                "document-root": "htdocs/"
            },
            "notification-url": "https://packagist.org/downloads/",
            "license": [
                "GPL-2.0"
            ],
            "homepage": "http://www.papaya-cms.com/",
            "time": "2018-07-18T14:46:52+00:00"
        },
        {
            "name": "papaya/module-default-cronjobs",
            "version": "1.0.1",
            "source": {
                "type": "git",
                "url": "https://github.com/papayaCMS/papayacms-module-default-cronjobs.git",
                "reference": "1beefbbad09403e6659bfbb2150a78d3da3f14cf"
            },
            "dist": {
                "type": "zip",
                "url": "https://api.github.com/repos/papayaCMS/papayacms-module-default-cronjobs/zipball/1beefbbad09403e6659bfbb2150a78d3da3f14cf",
                "reference": "1beefbbad09403e6659bfbb2150a78d3da3f14cf",
                "shasum": ""
            },
            "require": {
                "papaya/cms-core": "*"
            },
            "require-dev": {
                "papaya/cms-administration": "*",
                "papaya/template-responsive": "*",
                "papaya/theme-dynamic": "*"
            },
            "type": "library",
            "extra": {
                "document-root": "htdocs/"
            },
            "notification-url": "https://packagist.org/downloads/",
            "time": "2016-11-08T11:36:01+00:00"
        },
        {
            "name": "papaya/module-domains",
            "version": "1.1.0",
            "source": {
                "type": "git",
                "url": "https://github.com/papayaCMS/papayacms-module-domains.git",
                "reference": "7d3303954997462781b9a8e9c7592fcb59dd7f67"
            },
            "dist": {
                "type": "zip",
                "url": "https://api.github.com/repos/papayaCMS/papayacms-module-domains/zipball/7d3303954997462781b9a8e9c7592fcb59dd7f67",
                "reference": "7d3303954997462781b9a8e9c7592fcb59dd7f67",
                "shasum": ""
            },
            "require": {
                "papaya/cms-core": "*"
            },
            "require-dev": {
                "papaya/cms-administration": "*",
                "papaya/test-framework": "*",
                "papaya/theme-dynamic": "*"
            },
            "type": "library",
            "extra": {
                "document-root": "htdocs/"
            },
            "notification-url": "https://packagist.org/downloads/",
            "license": [
                "GPL-2.0"
            ],
            "homepage": "http://www.papaya-cms.com/",
            "time": "2018-07-16T09:36:29+00:00"
        },
        {
            "name": "papaya/module-standard",
            "version": "1.0.1",
            "source": {
                "type": "git",
                "url": "https://github.com/papayaCMS/papayacms-module-standard.git",
                "reference": "079baaf4606a2432764c94b3d7006cda0f5e3c53"
            },
            "dist": {
                "type": "zip",
                "url": "https://api.github.com/repos/papayaCMS/papayacms-module-standard/zipball/079baaf4606a2432764c94b3d7006cda0f5e3c53",
                "reference": "079baaf4606a2432764c94b3d7006cda0f5e3c53",
                "shasum": ""
            },
            "require": {
                "papaya/cms-core": "*"
            },
            "require-dev": {
                "papaya/cms-administration": "*",
                "papaya/test-framework": "*",
                "papaya/theme-dynamic": "*"
            },
            "type": "library",
            "extra": {
                "document-root": "htdocs/"
            },
            "notification-url": "https://packagist.org/downloads/",
            "license": [
                "GPL-2.0"
            ],
            "homepage": "http://www.papaya-cms.com/",
            "time": "2014-06-06T16:01:13+00:00"
        },
        {
            "name": "papaya/template-responsive",
            "version": "1.1.1",
            "source": {
                "type": "git",
                "url": "https://github.com/papayaCMS/papayacms-template-responsive.git",
                "reference": "374627777ac1418e5370a01fe334a355f7903d0c"
            },
            "dist": {
                "type": "zip",
                "url": "https://api.github.com/repos/papayaCMS/papayacms-template-responsive/zipball/374627777ac1418e5370a01fe334a355f7903d0c",
                "reference": "374627777ac1418e5370a01fe334a355f7903d0c",
                "shasum": ""
            },
            "require": {
                "papaya/composer-plugins": "1.*"
            },
            "type": "papaya-template",
            "notification-url": "https://packagist.org/downloads/",
            "time": "2018-07-04T09:45:49+00:00"
        },
        {
            "name": "papaya/test-framework",
            "version": "dev-master",
            "source": {
                "type": "git",
                "url": "https://github.com/papayaCMS/papayacms-test-framework.git",
                "reference": "1ae254fe73a3863a490065c5ce4769e9c47833b9"
            },
            "dist": {
                "type": "zip",
                "url": "https://api.github.com/repos/papayaCMS/papayacms-test-framework/zipball/1ae254fe73a3863a490065c5ce4769e9c47833b9",
                "reference": "1ae254fe73a3863a490065c5ce4769e9c47833b9",
                "shasum": ""
            },
            "type": "library",
            "autoload": {
                "classmap": [
                    "./src/"
                ]
            },
            "notification-url": "https://packagist.org/downloads/",
            "license": [
                "GPL-2.0"
            ],
            "description": "papaya CMS unittest framework",
            "homepage": "http://www.papaya-cms.com/",
            "time": "2018-08-01T13:24:49+00:00"
        },
        {
            "name": "papaya/theme-dynamic",
            "version": "1.0.1",
            "source": {
                "type": "git",
                "url": "https://github.com/papayaCMS/papayacms-theme-dynamic.git",
                "reference": "2e6556356e37031d7b32440555ff26cdf86e5705"
            },
            "dist": {
                "type": "zip",
                "url": "https://api.github.com/repos/papayaCMS/papayacms-theme-dynamic/zipball/2e6556356e37031d7b32440555ff26cdf86e5705",
                "reference": "2e6556356e37031d7b32440555ff26cdf86e5705",
                "shasum": ""
            },
            "require": {
                "papaya/composer-plugins": "1.*",
                "papaya/template-responsive": "1.*"
            },
            "type": "papaya-theme",
            "notification-url": "https://packagist.org/downloads/",
            "time": "2015-11-12T12:50:02+00:00"
        }
    ],
    "aliases": [],
    "minimum-stability": "dev",
    "stability-flags": {
        "papaya/cms-administration": 20,
        "papaya/test-framework": 20
    },
    "prefer-stable": false,
    "prefer-lowest": false,
    "platform": {
        "php": ">=5.5.0",
        "ext-dom": "*",
        "ext-xsl": "*"
    },
    "platform-dev": []
}
