{
    "_readme": [
        "This file locks the dependencies of your project to a known state",
        "Read more about it at https://getcomposer.org/doc/01-basic-usage.md#composer-lock-the-lock-file",
        "This file is @generated automatically"
    ],
    "content-hash": "9f070e0c969f374905107468d8252fb8",
    "packages": [],
    "packages-dev": [
        {
            "name": "papaya/cms-administration",
            "version": "dev-master",
            "source": {
                "type": "git",
                "url": "https://github.com/papayaCMS/papayacms-administration.git",
                "reference": "6f02aad818b576cc527041a055b0885d0488ae35"
            },
            "dist": {
                "type": "zip",
                "url": "https://api.github.com/repos/papayaCMS/papayacms-administration/zipball/6f02aad818b576cc527041a055b0885d0488ae35",
                "reference": "6f02aad818b576cc527041a055b0885d0488ae35",
                "shasum": ""
            },
            "require": {
                "papaya/composer-plugins": "^1.0@dev"
            },
            "type": "papaya-administration-ui",
            "notification-url": "https://packagist.org/downloads/",
            "time": "2017-09-04T12:51:30+00:00"
        },
        {
            "name": "papaya/composer-plugins",
            "version": "1.0.2",
            "source": {
                "type": "git",
                "url": "https://github.com/papayaCMS/papayacms-composer-plugins.git",
                "reference": "bc01c504dbdac62a67a912a19f1fec64470081fd"
            },
            "dist": {
                "type": "zip",
                "url": "https://api.github.com/repos/papayaCMS/papayacms-composer-plugins/zipball/bc01c504dbdac62a67a912a19f1fec64470081fd",
                "reference": "bc01c504dbdac62a67a912a19f1fec64470081fd",
                "shasum": ""
            },
            "require": {
                "composer-plugin-api": "^1.0"
            },
            "require-dev": {
                "composer/composer": "1.0.*@dev"
            },
            "type": "composer-plugin",
            "extra": {
                "class": "Papaya\\Composer\\InstallerPlugin"
            },
            "autoload": {
                "psr-0": {
                    "Papaya\\Composer": "src/"
                }
            },
            "notification-url": "https://packagist.org/downloads/",
            "description": "papaya CMS Composer Plugins",
            "time": "2016-04-11T14:33:58+00:00"
        },
        {
            "name": "papaya/module-default",
            "version": "dev-master",
            "source": {
                "type": "git",
                "url": "https://github.com/papayaCMS/papayacms-module-default.git",
                "reference": "61f0450813190903158f1bf04d5d28a00f4db6bb"
            },
            "dist": {
                "type": "zip",
                "url": "https://api.github.com/repos/papayaCMS/papayacms-module-default/zipball/61f0450813190903158f1bf04d5d28a00f4db6bb",
                "reference": "61f0450813190903158f1bf04d5d28a00f4db6bb",
                "shasum": ""
            },
            "require": {
                "papaya/cms-core": "*"
            },
            "require-dev": {
                "papaya/cms-administration": "*",
                "papaya/test-framework": "*",
                "papaya/theme-dynamic": "*"
            },
            "type": "library",
            "extra": {
                "document-root": "htdocs/"
            },
            "notification-url": "https://packagist.org/downloads/",
            "license": [
                "GPL-2.0"
            ],
            "homepage": "http://www.papaya-cms.com/",
            "time": "2018-01-08 11:30:04"
        },
        {
            "name": "papaya/module-default-cronjobs",
            "version": "dev-master",
            "source": {
                "type": "git",
                "url": "https://github.com/papayaCMS/papayacms-module-default-cronjobs.git",
                "reference": "1beefbbad09403e6659bfbb2150a78d3da3f14cf"
            },
            "dist": {
                "type": "zip",
                "url": "https://api.github.com/repos/papayaCMS/papayacms-module-default-cronjobs/zipball/1beefbbad09403e6659bfbb2150a78d3da3f14cf",
                "reference": "1beefbbad09403e6659bfbb2150a78d3da3f14cf",
                "shasum": ""
            },
            "require": {
                "papaya/cms-core": "*"
            },
            "require-dev": {
                "papaya/cms-administration": "*",
                "papaya/template-responsive": "*",
                "papaya/theme-dynamic": "*"
            },
            "type": "library",
            "extra": {
                "document-root": "htdocs/"
            },
            "notification-url": "https://packagist.org/downloads/",
            "time": "2016-11-08 11:36:01"
        },
        {
            "name": "papaya/module-domains",
            "version": "dev-master",
            "source": {
                "type": "git",
                "url": "https://github.com/papayaCMS/papayacms-module-domains.git",
                "reference": "9a7487102a86af8e9409bf047c7dfc4b7a6de353"
            },
            "dist": {
                "type": "zip",
                "url": "https://api.github.com/repos/papayaCMS/papayacms-module-domains/zipball/9a7487102a86af8e9409bf047c7dfc4b7a6de353",
                "reference": "9a7487102a86af8e9409bf047c7dfc4b7a6de353",
                "shasum": ""
            },
            "require": {
                "papaya/cms-core": "*"
            },
            "require-dev": {
                "papaya/cms-administration": "*",
                "papaya/test-framework": "*",
                "papaya/theme-dynamic": "*"
            },
            "type": "library",
            "extra": {
                "document-root": "htdocs/"
            },
            "notification-url": "https://packagist.org/downloads/",
            "license": [
                "GPL-2.0"
            ],
            "homepage": "http://www.papaya-cms.com/",
            "time": "2017-07-20 14:48:07"
        },
        {
            "name": "papaya/module-standard",
            "version": "dev-master",
            "source": {
                "type": "git",
                "url": "https://github.com/papayaCMS/papayacms-module-standard.git",
                "reference": "079baaf4606a2432764c94b3d7006cda0f5e3c53"
            },
            "dist": {
                "type": "zip",
                "url": "https://api.github.com/repos/papayaCMS/papayacms-module-standard/zipball/079baaf4606a2432764c94b3d7006cda0f5e3c53",
                "reference": "079baaf4606a2432764c94b3d7006cda0f5e3c53",
                "shasum": ""
            },
            "require": {
                "papaya/cms-core": "*"
            },
            "require-dev": {
                "papaya/cms-administration": "*",
                "papaya/test-framework": "*",
                "papaya/theme-dynamic": "*"
            },
            "type": "library",
            "extra": {
                "document-root": "htdocs/"
            },
            "notification-url": "https://packagist.org/downloads/",
            "license": [
                "GPL-2.0"
            ],
            "homepage": "http://www.papaya-cms.com/",
            "time": "2014-06-06 16:01:13"
        },
        {
            "name": "papaya/template-responsive",
            "version": "1.0.0",
            "source": {
                "type": "git",
                "url": "https://github.com/papayaCMS/papayacms-template-responsive.git",
                "reference": "cae2455f7ef6e1987e095257165a5b64e27daa17"
            },
            "dist": {
                "type": "zip",
                "url": "https://api.github.com/repos/papayaCMS/papayacms-template-responsive/zipball/cae2455f7ef6e1987e095257165a5b64e27daa17",
                "reference": "cae2455f7ef6e1987e095257165a5b64e27daa17",
                "shasum": ""
            },
            "require": {
                "papaya/composer-plugins": "1.*"
            },
            "type": "papaya-template",
            "notification-url": "https://packagist.org/downloads/",
            "time": "2014-06-02T14:34:48+00:00"
        },
        {
            "name": "papaya/test-framework",
            "version": "dev-master",
            "source": {
                "type": "git",
                "url": "https://github.com/papayaCMS/papayacms-test-framework.git",
                "reference": "aaac1132d2ed3d5b23991bd43d25149646287557"
            },
            "dist": {
                "type": "zip",
                "url": "https://api.github.com/repos/papayaCMS/papayacms-test-framework/zipball/aaac1132d2ed3d5b23991bd43d25149646287557",
                "reference": "aaac1132d2ed3d5b23991bd43d25149646287557",
                "shasum": ""
            },
            "type": "library",
            "autoload": {
                "classmap": [
                    "./src/"
                ]
            },
            "notification-url": "https://packagist.org/downloads/",
            "license": [
                "GPL-2.0"
            ],
            "description": "papaya CMS unittest framework",
            "homepage": "http://www.papaya-cms.com/",
            "time": "2017-04-10 13:33:04"
        },
        {
            "name": "papaya/theme-dynamic",
            "version": "dev-master",
            "source": {
                "type": "git",
                "url": "https://github.com/papayaCMS/papayacms-theme-dynamic.git",
                "reference": "2e6556356e37031d7b32440555ff26cdf86e5705"
            },
            "dist": {
                "type": "zip",
                "url": "https://api.github.com/repos/papayaCMS/papayacms-theme-dynamic/zipball/2e6556356e37031d7b32440555ff26cdf86e5705",
                "reference": "2e6556356e37031d7b32440555ff26cdf86e5705",
                "shasum": ""
            },
            "require": {
                "papaya/composer-plugins": "1.*",
                "papaya/template-responsive": "1.*"
            },
            "type": "papaya-theme",
            "notification-url": "https://packagist.org/downloads/",
            "time": "2015-11-12 12:50:02"
        }
    ],
    "aliases": [],
    "minimum-stability": "dev",
    "stability-flags": [],
    "prefer-stable": false,
    "prefer-lowest": false,
    "platform": [],
    "platform-dev": {
        "php": ">=5.4.0",
        "ext-dom": "*",
        "ext-xsl": "*"
    }
}
